Microsoft Visual Studio Solution File, Format Version 12.00
# Visual Studio Version 16
VisualStudioVersion = 16.0.29920.165
MinimumVisualStudioVersion = 10.0.40219.1
Project("{2150E333-8FDC-42A3-9474-1A3956D46DE8}") = "apps", "apps", "{8040A0A4-7901-4290-BB62-AF293B106B77}"
EndProject
Project("{2150E333-8FDC-42A3-9474-1A3956D46DE8}") = "tests", "tests", "{7E5BA483-177B-4CB3-804F-5B4E22D86B3C}"
EndProject
Project("{2150E333-8FDC-42A3-9474-1A3956D46DE8}") = "unit", "unit", "{D26B7338-B43A-4B57-8037-2AC2E668D593}"
EndProject
Project("{9A19103F-16F7-4668-BE54-9A1E7A4F7556}") = "FinsProvisioning.Test", "src\tests\unit\FinsProvisioning.Tests\FinsProvisioning.Test.csproj", "{6BFFAE8A-FA85-464C-94F4-B2BECE1AFBA5}"
EndProject
Project("{9A19103F-16F7-4668-BE54-9A1E7A4F7556}") = "FinsProvisioning", "src\apps\FinsProvisioning\FinsProvisioning.csproj", "{3DEDE75B-C6F3-4C83-9E06-F8072B1374AF}"
EndProject
Project("{9A19103F-16F7-4668-BE54-9A1E7A4F7556}") = "FortinetOne.Client", "src\apps\FortinetOne.Client\FortinetOne.Client.csproj", "{68FE5116-6D26-434D-AE2D-E322CC2C44FF}"
EndProject
Project("{2150E333-8FDC-42A3-9474-1A3956D46DE8}") = "integration", "integration", "{EFE96DCD-5EB1-45CE-B8F6-F3447CDB3C25}"
EndProject
Project("{9A19103F-16F7-4668-BE54-9A1E7A4F7556}") = "FortinetOne.Client.Tests", "src\tests\integration\FortinetOne.Client.Tests\FortinetOne.Client.Tests.csproj", "{F632E663-3978-4559-888F-B5269341E444}"
EndProject
Project("{2150E333-8FDC-42A3-9474-1A3956D46DE8}") = "src", "src", "{6BCF0440-0D29-404A-9E0B-34C7ACC8E7D1}"
EndProject
Project("{2150E333-8FDC-42A3-9474-1A3956D46DE8}") = "tests", "tests", "{F537F540-F4C7-4BDD-82C3-84B09FF18A87}"
EndProject
Project("{2150E333-8FDC-42A3-9474-1A3956D46DE8}") = "integration", "integration", "{050E6B2D-8673-455B-887B-25878EBB3564}"
EndProject
Project("{FAE04EC0-301F-11D3-BF4B-00C04F79EFBC}") = "FortiMonitor.Client.Tests", "src\tests\integration\FortiMonitor.Client.Tests\FortiMonitor.Client.Tests.csproj", "{D71C1C11-0EE9-421C-9018-CABBE033F93C}"
EndProject
Project("{2150E333-8FDC-42A3-9474-1A3956D46DE8}") = "apps", "apps", "{7CCE0B2C-BD94-4E22-8C3F-7189FD5848B4}"
EndProject
Project("{FAE04EC0-301F-11D3-BF4B-00C04F79EFBC}") = "FortiMonitor.Client", "src\apps\FortiMonitor.Client\FortiMonitor.Client.csproj", "{3D07DF10-FAEB-4097-99F9-EDD1200F51EC}"
EndProject
Global
	GlobalSection(SolutionConfigurationPlatforms) = preSolution
		Debug|Any CPU = Debug|Any CPU
		Release|Any CPU = Release|Any CPU
	EndGlobalSection
	GlobalSection(ProjectConfigurationPlatforms) = postSolution
		{6BFFAE8A-FA85-464C-94F4-B2BECE1AFBA5}.Debug|Any CPU.ActiveCfg = Debug|Any CPU
		{6BFFAE8A-FA85-464C-94F4-B2BECE1AFBA5}.Debug|Any CPU.Build.0 = Debug|Any CPU
		{6BFFAE8A-FA85-464C-94F4-B2BECE1AFBA5}.Release|Any CPU.ActiveCfg = Release|Any CPU
		{6BFFAE8A-FA85-464C-94F4-B2BECE1AFBA5}.Release|Any CPU.Build.0 = Release|Any CPU
		{3DEDE75B-C6F3-4C83-9E06-F8072B1374AF}.Debug|Any CPU.ActiveCfg = Debug|Any CPU
		{3DEDE75B-C6F3-4C83-9E06-F8072B1374AF}.Debug|Any CPU.Build.0 = Debug|Any CPU
		{3DEDE75B-C6F3-4C83-9E06-F8072B1374AF}.Release|Any CPU.ActiveCfg = Release|Any CPU
		{3DEDE75B-C6F3-4C83-9E06-F8072B1374AF}.Release|Any CPU.Build.0 = Release|Any CPU
		{68FE5116-6D26-434D-AE2D-E322CC2C44FF}.Debug|Any CPU.ActiveCfg = Debug|Any CPU
		{68FE5116-6D26-434D-AE2D-E322CC2C44FF}.Debug|Any CPU.Build.0 = Debug|Any CPU
		{68FE5116-6D26-434D-AE2D-E322CC2C44FF}.Release|Any CPU.ActiveCfg = Release|Any CPU
		{68FE5116-6D26-434D-AE2D-E322CC2C44FF}.Release|Any CPU.Build.0 = Release|Any CPU
		{F632E663-3978-4559-888F-B5269341E444}.Debug|Any CPU.ActiveCfg = Debug|Any CPU
		{F632E663-3978-4559-888F-B5269341E444}.Debug|Any CPU.Build.0 = Debug|Any CPU
		{F632E663-3978-4559-888F-B5269341E444}.Release|Any CPU.ActiveCfg = Release|Any CPU
		{F632E663-3978-4559-888F-B5269341E444}.Release|Any CPU.Build.0 = Release|Any CPU
		{D71C1C11-0EE9-421C-9018-CABBE033F93C}.Debug|Any CPU.ActiveCfg = Debug|Any CPU
		{D71C1C11-0EE9-421C-9018-CABBE033F93C}.Debug|Any CPU.Build.0 = Debug|Any CPU
		{D71C1C11-0EE9-421C-9018-CABBE033F93C}.Release|Any CPU.ActiveCfg = Release|Any CPU
		{D71C1C11-0EE9-421C-9018-CABBE033F93C}.Release|Any CPU.Build.0 = Release|Any CPU
		{3D07DF10-FAEB-4097-99F9-EDD1200F51EC}.Debug|Any CPU.ActiveCfg = Debug|Any CPU
		{3D07DF10-FAEB-4097-99F9-EDD1200F51EC}.Debug|Any CPU.Build.0 = Debug|Any CPU
		{3D07DF10-FAEB-4097-99F9-EDD1200F51EC}.Release|Any CPU.ActiveCfg = Release|Any CPU
		{3D07DF10-FAEB-4097-99F9-EDD1200F51EC}.Release|Any CPU.Build.0 = Release|Any CPU
	EndGlobalSection
	GlobalSection(SolutionProperties) = preSolution
		HideSolutionNode = FALSE
	EndGlobalSection
	GlobalSection(NestedProjects) = preSolution
		{D26B7338-B43A-4B57-8037-2AC2E668D593} = {7E5BA483-177B-4CB3-804F-5B4E22D86B3C}
		{6BFFAE8A-FA85-464C-94F4-B2BECE1AFBA5} = {D26B7338-B43A-4B57-8037-2AC2E668D593}
		{3DEDE75B-C6F3-4C83-9E06-F8072B1374AF} = {8040A0A4-7901-4290-BB62-AF293B106B77}
		{68FE5116-6D26-434D-AE2D-E322CC2C44FF} = {8040A0A4-7901-4290-BB62-AF293B106B77}
		{EFE96DCD-5EB1-45CE-B8F6-F3447CDB3C25} = {7E5BA483-177B-4CB3-804F-5B4E22D86B3C}
		{F632E663-3978-4559-888F-B5269341E444} = {EFE96DCD-5EB1-45CE-B8F6-F3447CDB3C25}
		{F537F540-F4C7-4BDD-82C3-84B09FF18A87} = {6BCF0440-0D29-404A-9E0B-34C7ACC8E7D1}
		{050E6B2D-8673-455B-887B-25878EBB3564} = {F537F540-F4C7-4BDD-82C3-84B09FF18A87}
		{D71C1C11-0EE9-421C-9018-CABBE033F93C} = {050E6B2D-8673-455B-887B-25878EBB3564}
		{7CCE0B2C-BD94-4E22-8C3F-7189FD5848B4} = {6BCF0440-0D29-404A-9E0B-34C7ACC8E7D1}
		{3D07DF10-FAEB-4097-99F9-EDD1200F51EC} = {7CCE0B2C-BD94-4E22-8C3F-7189FD5848B4}
	EndGlobalSection
	GlobalSection(ExtensibilityGlobals) = postSolution
		SolutionGuid = {F4DB0C32-F87D-4FAF-8D78-326AAAD68B32}
	EndGlobalSection
EndGlobal
